
Microsoft Visual Studio Solution File, Format Version 12.00
# Visual Studio 14
VisualStudioVersion = 14.0.25420.1
MinimumVisualStudioVersion = 10.0.40219.1
Project("{FAE04EC0-301F-11D3-BF4B-00C04F79EFBC}") = "Fabrikam", "Fabrikam\Fabrikam\Fabrikam.csproj", "{2060DB92-EB83-4164-A68D-902C43F22BA8}"
EndProject
Project("{FAE04EC0-301F-11D3-BF4B-00C04F79EFBC}") = "Fabrikam.Droid", "Fabrikam\Fabrikam.Droid\Fabrikam.Droid.csproj", "{05ADC448-451F-4915-A805-310F1C196A8F}"
EndProject
Project("{FAE04EC0-301F-11D3-BF4B-00C04F79EFBC}") = "Fabrikam.iOS", "Fabrikam\Fabrikam.iOS\Fabrikam.iOS.csproj", "{B7D94CB0-D819-4439-B823-D39F97A4946A}"
EndProject
Project("{FAE04EC0-301F-11D3-BF4B-00C04F79EFBC}") = "Fabrikam.WinPhone", "Fabrikam\Fabrikam.WinPhone\Fabrikam.WinPhone.csproj", "{D72232EE-53B6-42D0-B2D0-FFABA4180D5C}"
EndProject
Project("{FAE04EC0-301F-11D3-BF4B-00C04F79EFBC}") = "Fabrikam.UWP", "Fabrikam\Fabrikam.UWP\Fabrikam.UWP.csproj", "{E1D1A941-90F4-4AF5-8227-FAE4C636BFCB}"
EndProject
Project("{FAE04EC0-301F-11D3-BF4B-00C04F79EFBC}") = "Fabrikam.Windows", "Fabrikam\Fabrikam.Windows\Fabrikam.Windows.csproj", "{F5DB8E06-AC2C-4423-84B9-AC722DDE5149}"
EndProject
Global
	GlobalSection(SolutionConfigurationPlatforms) = preSolution
		Ad-Hoc|Any CPU = Ad-Hoc|Any CPU
		Ad-Hoc|ARM = Ad-Hoc|ARM
		Ad-Hoc|iPhone = Ad-Hoc|iPhone
		Ad-Hoc|iPhoneSimulator = Ad-Hoc|iPhoneSimulator
		Ad-Hoc|x64 = Ad-Hoc|x64
		Ad-Hoc|x86 = Ad-Hoc|x86
		AppStore|Any CPU = AppStore|Any CPU
		AppStore|ARM = AppStore|ARM
		AppStore|iPhone = AppStore|iPhone
		AppStore|iPhoneSimulator = AppStore|iPhoneSimulator
		AppStore|x64 = AppStore|x64
		AppStore|x86 = AppStore|x86
		Debug|Any CPU = Debug|Any CPU
		Debug|ARM = Debug|ARM
		Debug|iPhone = Debug|iPhone
		Debug|iPhoneSimulator = Debug|iPhoneSimulator
		Debug|x64 = Debug|x64
		Debug|x86 = Debug|x86
		Release|Any CPU = Release|Any CPU
		Release|ARM = Release|ARM
		Release|iPhone = Release|iPhone
		Release|iPhoneSimulator = Release|iPhoneSimulator
		Release|x64 = Release|x64
		Release|x86 = Release|x86
	EndGlobalSection
	GlobalSection(ProjectConfigurationPlatforms) = postSolution
		{2060DB92-EB83-4164-A68D-902C43F22BA8}.Ad-Hoc|Any CPU.ActiveCfg = Release|Any CPU
		{2060DB92-EB83-4164-A68D-902C43F22BA8}.Ad-Hoc|Any CPU.Build.0 = Release|Any CPU
		{2060DB92-EB83-4164-A68D-902C43F22BA8}.Ad-Hoc|ARM.ActiveCfg = Release|Any CPU
		{2060DB92-EB83-4164-A68D-902C43F22BA8}.Ad-Hoc|ARM.Build.0 = Release|Any CPU
		{2060DB92-EB83-4164-A68D-902C43F22BA8}.Ad-Hoc|iPhone.ActiveCfg = Release|Any CPU
		{2060DB92-EB83-4164-A68D-902C43F22BA8}.Ad-Hoc|iPhone.Build.0 = Release|Any CPU
		{2060DB92-EB83-4164-A68D-902C43F22BA8}.Ad-Hoc|iPhoneSimulator.ActiveCfg = Release|Any CPU
		{2060DB92-EB83-4164-A68D-902C43F22BA8}.Ad-Hoc|iPhoneSimulator.Build.0 = Release|Any CPU
		{2060DB92-EB83-4164-A68D-902C43F22BA8}.Ad-Hoc|x64.ActiveCfg = Release|Any CPU
		{2060DB92-EB83-4164-A68D-902C43F22BA8}.Ad-Hoc|x64.Build.0 = Release|Any CPU
		{2060DB92-EB83-4164-A68D-902C43F22BA8}.Ad-Hoc|x86.ActiveCfg = Release|Any CPU
		{2060DB92-EB83-4164-A68D-902C43F22BA8}.Ad-Hoc|x86.Build.0 = Release|Any CPU
		{2060DB92-EB83-4164-A68D-902C43F22BA8}.AppStore|Any CPU.ActiveCfg = Release|Any CPU
		{2060DB92-EB83-4164-A68D-902C43F22BA8}.AppStore|Any CPU.Build.0 = Release|Any CPU
		{2060DB92-EB83-4164-A68D-902C43F22BA8}.AppStore|ARM.ActiveCfg = Release|Any CPU
		{2060DB92-EB83-4164-A68D-902C43F22BA8}.AppStore|ARM.Build.0 = Release|Any CPU
		{2060DB92-EB83-4164-A68D-902C43F22BA8}.AppStore|iPhone.ActiveCfg = Release|Any CPU
		{2060DB92-EB83-4164-A68D-902C43F22BA8}.AppStore|iPhone.Build.0 = Release|Any CPU
		{2060DB92-EB83-4164-A68D-902C43F22BA8}.AppStore|iPhoneSimulator.ActiveCfg = Release|Any CPU
		{2060DB92-EB83-4164-A68D-902C43F22BA8}.AppStore|iPhoneSimulator.Build.0 = Release|Any CPU
		{2060DB92-EB83-4164-A68D-902C43F22BA8}.AppStore|x64.ActiveCfg = Release|Any CPU
		{2060DB92-EB83-4164-A68D-902C43F22BA8}.AppStore|x64.Build.0 = Release|Any CPU
		{2060DB92-EB83-4164-A68D-902C43F22BA8}.AppStore|x86.ActiveCfg = Release|Any CPU
		{2060DB92-EB83-4164-A68D-902C43F22BA8}.AppStore|x86.Build.0 = Release|Any CPU
		{2060DB92-EB83-4164-A68D-902C43F22BA8}.Debug|Any CPU.ActiveCfg = Debug|Any CPU
		{2060DB92-EB83-4164-A68D-902C43F22BA8}.Debug|Any CPU.Build.0 = Debug|Any CPU
		{2060DB92-EB83-4164-A68D-902C43F22BA8}.Debug|ARM.ActiveCfg = Debug|Any CPU
		{2060DB92-EB83-4164-A68D-902C43F22BA8}.Debug|ARM.Build.0 = Debug|Any CPU
		{2060DB92-EB83-4164-A68D-902C43F22BA8}.Debug|iPhone.ActiveCfg = Debug|Any CPU
		{2060DB92-EB83-4164-A68D-902C43F22BA8}.Debug|iPhone.Build.0 = Debug|Any CPU
		{2060DB92-EB83-4164-A68D-902C43F22BA8}.Debug|iPhoneSimulator.ActiveCfg = Debug|Any CPU
		{2060DB92-EB83-4164-A68D-902C43F22BA8}.Debug|iPhoneSimulator.Build.0 = Debug|Any CPU
		{2060DB92-EB83-4164-A68D-902C43F22BA8}.Debug|x64.ActiveCfg = Debug|Any CPU
		{2060DB92-EB83-4164-A68D-902C43F22BA8}.Debug|x64.Build.0 = Debug|Any CPU
		{2060DB92-EB83-4164-A68D-902C43F22BA8}.Debug|x86.ActiveCfg = Debug|Any CPU
		{2060DB92-EB83-4164-A68D-902C43F22BA8}.Debug|x86.Build.0 = Debug|Any CPU
		{2060DB92-EB83-4164-A68D-902C43F22BA8}.Release|Any CPU.ActiveCfg = Release|Any CPU
		{2060DB92-EB83-4164-A68D-902C43F22BA8}.Release|Any CPU.Build.0 = Release|Any CPU
		{2060DB92-EB83-4164-A68D-902C43F22BA8}.Release|ARM.ActiveCfg = Release|Any CPU
		{2060DB92-EB83-4164-A68D-902C43F22BA8}.Release|ARM.Build.0 = Release|Any CPU
		{2060DB92-EB83-4164-A68D-902C43F22BA8}.Release|iPhone.ActiveCfg = Release|Any CPU
		{2060DB92-EB83-4164-A68D-902C43F22BA8}.Release|iPhone.Build.0 = Release|Any CPU
		{2060DB92-EB83-4164-A68D-902C43F22BA8}.Release|iPhoneSimulator.ActiveCfg = Release|Any CPU
		{2060DB92-EB83-4164-A68D-902C43F22BA8}.Release|iPhoneSimulator.Build.0 = Release|Any CPU
		{2060DB92-EB83-4164-A68D-902C43F22BA8}.Release|x64.ActiveCfg = Release|Any CPU
		{2060DB92-EB83-4164-A68D-902C43F22BA8}.Release|x64.Build.0 = Release|Any CPU
		{2060DB92-EB83-4164-A68D-902C43F22BA8}.Release|x86.ActiveCfg = Release|Any CPU
		{2060DB92-EB83-4164-A68D-902C43F22BA8}.Release|x86.Build.0 = Release|Any CPU
		{05ADC448-451F-4915-A805-310F1C196A8F}.Ad-Hoc|Any CPU.ActiveCfg = Release|Any CPU
		{05ADC448-451F-4915-A805-310F1C196A8F}.Ad-Hoc|Any CPU.Build.0 = Release|Any CPU
		{05ADC448-451F-4915-A805-310F1C196A8F}.Ad-Hoc|Any CPU.Deploy.0 = Release|Any CPU
		{05ADC448-451F-4915-A805-310F1C196A8F}.Ad-Hoc|ARM.ActiveCfg = Release|Any CPU
		{05ADC448-451F-4915-A805-310F1C196A8F}.Ad-Hoc|ARM.Build.0 = Release|Any CPU
		{05ADC448-451F-4915-A805-310F1C196A8F}.Ad-Hoc|ARM.Deploy.0 = Release|Any CPU
		{05ADC448-451F-4915-A805-310F1C196A8F}.Ad-Hoc|iPhone.ActiveCfg = Release|Any CPU
		{05ADC448-451F-4915-A805-310F1C196A8F}.Ad-Hoc|iPhone.Build.0 = Release|Any CPU
		{05ADC448-451F-4915-A805-310F1C196A8F}.Ad-Hoc|iPhone.Deploy.0 = Release|Any CPU
		{05ADC448-451F-4915-A805-310F1C196A8F}.Ad-Hoc|iPhoneSimulator.ActiveCfg = Release|Any CPU
		{05ADC448-451F-4915-A805-310F1C196A8F}.Ad-Hoc|iPhoneSimulator.Build.0 = Release|Any CPU
		{05ADC448-451F-4915-A805-310F1C196A8F}.Ad-Hoc|iPhoneSimulator.Deploy.0 = Release|Any CPU
		{05ADC448-451F-4915-A805-310F1C196A8F}.Ad-Hoc|x64.ActiveCfg = Release|Any CPU
		{05ADC448-451F-4915-A805-310F1C196A8F}.Ad-Hoc|x64.Build.0 = Release|Any CPU
		{05ADC448-451F-4915-A805-310F1C196A8F}.Ad-Hoc|x64.Deploy.0 = Release|Any CPU
		{05ADC448-451F-4915-A805-310F1C196A8F}.Ad-Hoc|x86.ActiveCfg = Release|Any CPU
		{05ADC448-451F-4915-A805-310F1C196A8F}.Ad-Hoc|x86.Build.0 = Release|Any CPU
		{05ADC448-451F-4915-A805-310F1C196A8F}.Ad-Hoc|x86.Deploy.0 = Release|Any CPU
		{05ADC448-451F-4915-A805-310F1C196A8F}.AppStore|Any CPU.ActiveCfg = Release|Any CPU
		{05ADC448-451F-4915-A805-310F1C196A8F}.AppStore|Any CPU.Build.0 = Release|Any CPU
		{05ADC448-451F-4915-A805-310F1C196A8F}.AppStore|Any CPU.Deploy.0 = Release|Any CPU
		{05ADC448-451F-4915-A805-310F1C196A8F}.AppStore|ARM.ActiveCfg = Release|Any CPU
		{05ADC448-451F-4915-A805-310F1C196A8F}.AppStore|ARM.Build.0 = Release|Any CPU
		{05ADC448-451F-4915-A805-310F1C196A8F}.AppStore|ARM.Deploy.0 = Release|Any CPU
		{05ADC448-451F-4915-A805-310F1C196A8F}.AppStore|iPhone.ActiveCfg = Release|Any CPU
		{05ADC448-451F-4915-A805-310F1C196A8F}.AppStore|iPhone.Build.0 = Release|Any CPU
		{05ADC448-451F-4915-A805-310F1C196A8F}.AppStore|iPhone.Deploy.0 = Release|Any CPU
		{05ADC448-451F-4915-A805-310F1C196A8F}.AppStore|iPhoneSimulator.ActiveCfg = Release|Any CPU
		{05ADC448-451F-4915-A805-310F1C196A8F}.AppStore|iPhoneSimulator.Build.0 = Release|Any CPU
		{05ADC448-451F-4915-A805-310F1C196A8F}.AppStore|iPhoneSimulator.Deploy.0 = Release|Any CPU
		{05ADC448-451F-4915-A805-310F1C196A8F}.AppStore|x64.ActiveCfg = Release|Any CPU
		{05ADC448-451F-4915-A805-310F1C196A8F}.AppStore|x64.Build.0 = Release|Any CPU
		{05ADC448-451F-4915-A805-310F1C196A8F}.AppStore|x64.Deploy.0 = Release|Any CPU
		{05ADC448-451F-4915-A805-310F1C196A8F}.AppStore|x86.ActiveCfg = Release|Any CPU
		{05ADC448-451F-4915-A805-310F1C196A8F}.AppStore|x86.Build.0 = Release|Any CPU
		{05ADC448-451F-4915-A805-310F1C196A8F}.AppStore|x86.Deploy.0 = Release|Any CPU
		{05ADC448-451F-4915-A805-310F1C196A8F}.Debug|Any CPU.ActiveCfg = Debug|Any CPU
		{05ADC448-451F-4915-A805-310F1C196A8F}.Debug|Any CPU.Build.0 = Debug|Any CPU
		{05ADC448-451F-4915-A805-310F1C196A8F}.Debug|Any CPU.Deploy.0 = Debug|Any CPU
		{05ADC448-451F-4915-A805-310F1C196A8F}.Debug|ARM.ActiveCfg = Debug|Any CPU
		{05ADC448-451F-4915-A805-310F1C196A8F}.Debug|ARM.Build.0 = Debug|Any CPU
		{05ADC448-451F-4915-A805-310F1C196A8F}.Debug|ARM.Deploy.0 = Debug|Any CPU
		{05ADC448-451F-4915-A805-310F1C196A8F}.Debug|iPhone.ActiveCfg = Debug|Any CPU
		{05ADC448-451F-4915-A805-310F1C196A8F}.Debug|iPhone.Build.0 = Debug|Any CPU
		{05ADC448-451F-4915-A805-310F1C196A8F}.Debug|iPhone.Deploy.0 = Debug|Any CPU
		{05ADC448-451F-4915-A805-310F1C196A8F}.Debug|iPhoneSimulator.ActiveCfg = Debug|Any CPU
		{05ADC448-451F-4915-A805-310F1C196A8F}.Debug|iPhoneSimulator.Build.0 = Debug|Any CPU
		{05ADC448-451F-4915-A805-310F1C196A8F}.Debug|iPhoneSimulator.Deploy.0 = Debug|Any CPU
		{05ADC448-451F-4915-A805-310F1C196A8F}.Debug|x64.ActiveCfg = Debug|Any CPU
		{05ADC448-451F-4915-A805-310F1C196A8F}.Debug|x64.Build.0 = Debug|Any CPU
		{05ADC448-451F-4915-A805-310F1C196A8F}.Debug|x64.Deploy.0 = Debug|Any CPU
		{05ADC448-451F-4915-A805-310F1C196A8F}.Debug|x86.ActiveCfg = Debug|Any CPU
		{05ADC448-451F-4915-A805-310F1C196A8F}.Debug|x86.Build.0 = Debug|Any CPU
		{05ADC448-451F-4915-A805-310F1C196A8F}.Debug|x86.Deploy.0 = Debug|Any CPU
		{05ADC448-451F-4915-A805-310F1C196A8F}.Release|Any CPU.ActiveCfg = Release|Any CPU
		{05ADC448-451F-4915-A805-310F1C196A8F}.Release|Any CPU.Build.0 = Release|Any CPU
		{05ADC448-451F-4915-A805-310F1C196A8F}.Release|Any CPU.Deploy.0 = Release|Any CPU
		{05ADC448-451F-4915-A805-310F1C196A8F}.Release|ARM.ActiveCfg = Release|Any CPU
		{05ADC448-451F-4915-A805-310F1C196A8F}.Release|ARM.Build.0 = Release|Any CPU
		{05ADC448-451F-4915-A805-310F1C196A8F}.Release|ARM.Deploy.0 = Release|Any CPU
		{05ADC448-451F-4915-A805-310F1C196A8F}.Release|iPhone.ActiveCfg = Release|Any CPU
		{05ADC448-451F-4915-A805-310F1C196A8F}.Release|iPhone.Build.0 = Release|Any CPU
		{05ADC448-451F-4915-A805-310F1C196A8F}.Release|iPhone.Deploy.0 = Release|Any CPU
		{05ADC448-451F-4915-A805-310F1C196A8F}.Release|iPhoneSimulator.ActiveCfg = Release|Any CPU
		{05ADC448-451F-4915-A805-310F1C196A8F}.Release|iPhoneSimulator.Build.0 = Release|Any CPU
		{05ADC448-451F-4915-A805-310F1C196A8F}.Release|iPhoneSimulator.Deploy.0 = Release|Any CPU
		{05ADC448-451F-4915-A805-310F1C196A8F}.Release|x64.ActiveCfg = Release|Any CPU
		{05ADC448-451F-4915-A805-310F1C196A8F}.Release|x64.Build.0 = Release|Any CPU
		{05ADC448-451F-4915-A805-310F1C196A8F}.Release|x64.Deploy.0 = Release|Any CPU
		{05ADC448-451F-4915-A805-310F1C196A8F}.Release|x86.ActiveCfg = Release|Any CPU
		{05ADC448-451F-4915-A805-310F1C196A8F}.Release|x86.Build.0 = Release|Any CPU
		{05ADC448-451F-4915-A805-310F1C196A8F}.Release|x86.Deploy.0 = Release|Any CPU
		{B7D94CB0-D819-4439-B823-D39F97A4946A}.Ad-Hoc|Any CPU.ActiveCfg = Ad-Hoc|iPhone
		{B7D94CB0-D819-4439-B823-D39F97A4946A}.Ad-Hoc|ARM.ActiveCfg = Ad-Hoc|iPhone
		{B7D94CB0-D819-4439-B823-D39F97A4946A}.Ad-Hoc|iPhone.ActiveCfg = Ad-Hoc|iPhone
		{B7D94CB0-D819-4439-B823-D39F97A4946A}.Ad-Hoc|iPhone.Build.0 = Ad-Hoc|iPhone
		{B7D94CB0-D819-4439-B823-D39F97A4946A}.Ad-Hoc|iPhoneSimulator.ActiveCfg = Ad-Hoc|iPhoneSimulator
		{B7D94CB0-D819-4439-B823-D39F97A4946A}.Ad-Hoc|iPhoneSimulator.Build.0 = Ad-Hoc|iPhoneSimulator
		{B7D94CB0-D819-4439-B823-D39F97A4946A}.Ad-Hoc|x64.ActiveCfg = Ad-Hoc|iPhone
		{B7D94CB0-D819-4439-B823-D39F97A4946A}.Ad-Hoc|x86.ActiveCfg = Ad-Hoc|iPhone
		{B7D94CB0-D819-4439-B823-D39F97A4946A}.AppStore|Any CPU.ActiveCfg = AppStore|iPhone
		{B7D94CB0-D819-4439-B823-D39F97A4946A}.AppStore|ARM.ActiveCfg = AppStore|iPhone
		{B7D94CB0-D819-4439-B823-D39F97A4946A}.AppStore|iPhone.ActiveCfg = AppStore|iPhone
		{B7D94CB0-D819-4439-B823-D39F97A4946A}.AppStore|iPhone.Build.0 = AppStore|iPhone
		{B7D94CB0-D819-4439-B823-D39F97A4946A}.AppStore|iPhoneSimulator.ActiveCfg = AppStore|iPhoneSimulator
		{B7D94CB0-D819-4439-B823-D39F97A4946A}.AppStore|iPhoneSimulator.Build.0 = AppStore|iPhoneSimulator
		{B7D94CB0-D819-4439-B823-D39F97A4946A}.AppStore|x64.ActiveCfg = AppStore|iPhone
		{B7D94CB0-D819-4439-B823-D39F97A4946A}.AppStore|x86.ActiveCfg = AppStore|iPhone
		{B7D94CB0-D819-4439-B823-D39F97A4946A}.Debug|Any CPU.ActiveCfg = Debug|iPhone
		{B7D94CB0-D819-4439-B823-D39F97A4946A}.Debug|ARM.ActiveCfg = Debug|iPhone
		{B7D94CB0-D819-4439-B823-D39F97A4946A}.Debug|iPhone.ActiveCfg = Debug|iPhone
		{B7D94CB0-D819-4439-B823-D39F97A4946A}.Debug|iPhone.Build.0 = Debug|iPhone
		{B7D94CB0-D819-4439-B823-D39F97A4946A}.Debug|iPhoneSimulator.ActiveCfg = Debug|iPhoneSimulator
		{B7D94CB0-D819-4439-B823-D39F97A4946A}.Debug|iPhoneSimulator.Build.0 = Debug|iPhoneSimulator
		{B7D94CB0-D819-4439-B823-D39F97A4946A}.Debug|x64.ActiveCfg = Debug|iPhone
		{B7D94CB0-D819-4439-B823-D39F97A4946A}.Debug|x86.ActiveCfg = Debug|iPhone
		{B7D94CB0-D819-4439-B823-D39F97A4946A}.Release|Any CPU.ActiveCfg = Release|iPhone
		{B7D94CB0-D819-4439-B823-D39F97A4946A}.Release|ARM.ActiveCfg = Release|iPhone
		{B7D94CB0-D819-4439-B823-D39F97A4946A}.Release|iPhone.ActiveCfg = Release|iPhone
		{B7D94CB0-D819-4439-B823-D39F97A4946A}.Release|iPhone.Build.0 = Release|iPhone
		{B7D94CB0-D819-4439-B823-D39F97A4946A}.Release|iPhoneSimulator.ActiveCfg = Release|iPhoneSimulator
		{B7D94CB0-D819-4439-B823-D39F97A4946A}.Release|iPhoneSimulator.Build.0 = Release|iPhoneSimulator
		{B7D94CB0-D819-4439-B823-D39F97A4946A}.Release|x64.ActiveCfg = Release|iPhone
		{B7D94CB0-D819-4439-B823-D39F97A4946A}.Release|x86.ActiveCfg = Release|iPhone
		{D72232EE-53B6-42D0-B2D0-FFABA4180D5C}.Ad-Hoc|Any CPU.ActiveCfg = Release|Any CPU
		{D72232EE-53B6-42D0-B2D0-FFABA4180D5C}.Ad-Hoc|Any CPU.Build.0 = Release|Any CPU
		{D72232EE-53B6-42D0-B2D0-FFABA4180D5C}.Ad-Hoc|Any CPU.Deploy.0 = Release|Any CPU
		{D72232EE-53B6-42D0-B2D0-FFABA4180D5C}.Ad-Hoc|ARM.ActiveCfg = Release|ARM
		{D72232EE-53B6-42D0-B2D0-FFABA4180D5C}.Ad-Hoc|ARM.Build.0 = Release|ARM
		{D72232EE-53B6-42D0-B2D0-FFABA4180D5C}.Ad-Hoc|ARM.Deploy.0 = Release|ARM
		{D72232EE-53B6-42D0-B2D0-FFABA4180D5C}.Ad-Hoc|iPhone.ActiveCfg = Release|Any CPU
		{D72232EE-53B6-42D0-B2D0-FFABA4180D5C}.Ad-Hoc|iPhone.Build.0 = Release|Any CPU
		{D72232EE-53B6-42D0-B2D0-FFABA4180D5C}.Ad-Hoc|iPhone.Deploy.0 = Release|Any CPU
		{D72232EE-53B6-42D0-B2D0-FFABA4180D5C}.Ad-Hoc|iPhoneSimulator.ActiveCfg = Release|Any CPU
		{D72232EE-53B6-42D0-B2D0-FFABA4180D5C}.Ad-Hoc|iPhoneSimulator.Build.0 = Release|Any CPU
		{D72232EE-53B6-42D0-B2D0-FFABA4180D5C}.Ad-Hoc|iPhoneSimulator.Deploy.0 = Release|Any CPU
		{D72232EE-53B6-42D0-B2D0-FFABA4180D5C}.Ad-Hoc|x64.ActiveCfg = Release|Any CPU
		{D72232EE-53B6-42D0-B2D0-FFABA4180D5C}.Ad-Hoc|x64.Build.0 = Release|Any CPU
		{D72232EE-53B6-42D0-B2D0-FFABA4180D5C}.Ad-Hoc|x64.Deploy.0 = Release|Any CPU
		{D72232EE-53B6-42D0-B2D0-FFABA4180D5C}.Ad-Hoc|x86.ActiveCfg = Release|x86
		{D72232EE-53B6-42D0-B2D0-FFABA4180D5C}.Ad-Hoc|x86.Build.0 = Release|x86
		{D72232EE-53B6-42D0-B2D0-FFABA4180D5C}.Ad-Hoc|x86.Deploy.0 = Release|x86
		{D72232EE-53B6-42D0-B2D0-FFABA4180D5C}.AppStore|Any CPU.ActiveCfg = Release|Any CPU
		{D72232EE-53B6-42D0-B2D0-FFABA4180D5C}.AppStore|Any CPU.Build.0 = Release|Any CPU
		{D72232EE-53B6-42D0-B2D0-FFABA4180D5C}.AppStore|Any CPU.Deploy.0 = Release|Any CPU
		{D72232EE-53B6-42D0-B2D0-FFABA4180D5C}.AppStore|ARM.ActiveCfg = Release|ARM
		{D72232EE-53B6-42D0-B2D0-FFABA4180D5C}.AppStore|ARM.Build.0 = Release|ARM
		{D72232EE-53B6-42D0-B2D0-FFABA4180D5C}.AppStore|ARM.Deploy.0 = Release|ARM
		{D72232EE-53B6-42D0-B2D0-FFABA4180D5C}.AppStore|iPhone.ActiveCfg = Release|Any CPU
		{D72232EE-53B6-42D0-B2D0-FFABA4180D5C}.AppStore|iPhone.Build.0 = Release|Any CPU
		{D72232EE-53B6-42D0-B2D0-FFABA4180D5C}.AppStore|iPhone.Deploy.0 = Release|Any CPU
		{D72232EE-53B6-42D0-B2D0-FFABA4180D5C}.AppStore|iPhoneSimulator.ActiveCfg = Release|Any CPU
		{D72232EE-53B6-42D0-B2D0-FFABA4180D5C}.AppStore|iPhoneSimulator.Build.0 = Release|Any CPU
		{D72232EE-53B6-42D0-B2D0-FFABA4180D5C}.AppStore|iPhoneSimulator.Deploy.0 = Release|Any CPU
		{D72232EE-53B6-42D0-B2D0-FFABA4180D5C}.AppStore|x64.ActiveCfg = Release|Any CPU
		{D72232EE-53B6-42D0-B2D0-FFABA4180D5C}.AppStore|x64.Build.0 = Release|Any CPU
		{D72232EE-53B6-42D0-B2D0-FFABA4180D5C}.AppStore|x64.Deploy.0 = Release|Any CPU
		{D72232EE-53B6-42D0-B2D0-FFABA4180D5C}.AppStore|x86.ActiveCfg = Release|x86
		{D72232EE-53B6-42D0-B2D0-FFABA4180D5C}.AppStore|x86.Build.0 = Release|x86
		{D72232EE-53B6-42D0-B2D0-FFABA4180D5C}.AppStore|x86.Deploy.0 = Release|x86
		{D72232EE-53B6-42D0-B2D0-FFABA4180D5C}.Debug|Any CPU.ActiveCfg = Debug|Any CPU
		{D72232EE-53B6-42D0-B2D0-FFABA4180D5C}.Debug|Any CPU.Build.0 = Debug|Any CPU
		{D72232EE-53B6-42D0-B2D0-FFABA4180D5C}.Debug|Any CPU.Deploy.0 = Debug|Any CPU
		{D72232EE-53B6-42D0-B2D0-FFABA4180D5C}.Debug|ARM.ActiveCfg = Debug|ARM
		{D72232EE-53B6-42D0-B2D0-FFABA4180D5C}.Debug|ARM.Build.0 = Debug|ARM
		{D72232EE-53B6-42D0-B2D0-FFABA4180D5C}.Debug|ARM.Deploy.0 = Debug|ARM
		{D72232EE-53B6-42D0-B2D0-FFABA4180D5C}.Debug|iPhone.ActiveCfg = Debug|Any CPU
		{D72232EE-53B6-42D0-B2D0-FFABA4180D5C}.Debug|iPhone.Build.0 = Debug|Any CPU
		{D72232EE-53B6-42D0-B2D0-FFABA4180D5C}.Debug|iPhone.Deploy.0 = Debug|Any CPU
		{D72232EE-53B6-42D0-B2D0-FFABA4180D5C}.Debug|iPhoneSimulator.ActiveCfg = Debug|Any CPU
		{D72232EE-53B6-42D0-B2D0-FFABA4180D5C}.Debug|iPhoneSimulator.Build.0 = Debug|Any CPU
		{D72232EE-53B6-42D0-B2D0-FFABA4180D5C}.Debug|iPhoneSimulator.Deploy.0 = Debug|Any CPU
		{D72232EE-53B6-42D0-B2D0-FFABA4180D5C}.Debug|x64.ActiveCfg = Debug|Any CPU
		{D72232EE-53B6-42D0-B2D0-FFABA4180D5C}.Debug|x64.Build.0 = Debug|Any CPU
		{D72232EE-53B6-42D0-B2D0-FFABA4180D5C}.Debug|x64.Deploy.0 = Debug|Any CPU
		{D72232EE-53B6-42D0-B2D0-FFABA4180D5C}.Debug|x86.ActiveCfg = Debug|x86
		{D72232EE-53B6-42D0-B2D0-FFABA4180D5C}.Debug|x86.Build.0 = Debug|x86
		{D72232EE-53B6-42D0-B2D0-FFABA4180D5C}.Debug|x86.Deploy.0 = Debug|x86
		{D72232EE-53B6-42D0-B2D0-FFABA4180D5C}.Release|Any CPU.ActiveCfg = Release|Any CPU
		{D72232EE-53B6-42D0-B2D0-FFABA4180D5C}.Release|Any CPU.Build.0 = Release|Any CPU
		{D72232EE-53B6-42D0-B2D0-FFABA4180D5C}.Release|Any CPU.Deploy.0 = Release|Any CPU
		{D72232EE-53B6-42D0-B2D0-FFABA4180D5C}.Release|ARM.ActiveCfg = Release|ARM
		{D72232EE-53B6-42D0-B2D0-FFABA4180D5C}.Release|ARM.Build.0 = Release|ARM
		{D72232EE-53B6-42D0-B2D0-FFABA4180D5C}.Release|ARM.Deploy.0 = Release|ARM
		{D72232EE-53B6-42D0-B2D0-FFABA4180D5C}.Release|iPhone.ActiveCfg = Release|Any CPU
		{D72232EE-53B6-42D0-B2D0-FFABA4180D5C}.Release|iPhone.Build.0 = Release|Any CPU
		{D72232EE-53B6-42D0-B2D0-FFABA4180D5C}.Release|iPhone.Deploy.0 = Release|Any CPU
		{D72232EE-53B6-42D0-B2D0-FFABA4180D5C}.Release|iPhoneSimulator.ActiveCfg = Release|Any CPU
		{D72232EE-53B6-42D0-B2D0-FFABA4180D5C}.Release|iPhoneSimulator.Build.0 = Release|Any CPU
		{D72232EE-53B6-42D0-B2D0-FFABA4180D5C}.Release|iPhoneSimulator.Deploy.0 = Release|Any CPU
		{D72232EE-53B6-42D0-B2D0-FFABA4180D5C}.Release|x64.ActiveCfg = Release|Any CPU
		{D72232EE-53B6-42D0-B2D0-FFABA4180D5C}.Release|x64.Build.0 = Release|Any CPU
		{D72232EE-53B6-42D0-B2D0-FFABA4180D5C}.Release|x64.Deploy.0 = Release|Any CPU
		{D72232EE-53B6-42D0-B2D0-FFABA4180D5C}.Release|x86.ActiveCfg = Release|x86
		{D72232EE-53B6-42D0-B2D0-FFABA4180D5C}.Release|x86.Build.0 = Release|x86
		{D72232EE-53B6-42D0-B2D0-FFABA4180D5C}.Release|x86.Deploy.0 = Release|x86
		{E1D1A941-90F4-4AF5-8227-FAE4C636BFCB}.Ad-Hoc|Any CPU.ActiveCfg = Release|x86
		{E1D1A941-90F4-4AF5-8227-FAE4C636BFCB}.Ad-Hoc|Any CPU.Build.0 = Release|x86
		{E1D1A941-90F4-4AF5-8227-FAE4C636BFCB}.Ad-Hoc|Any CPU.Deploy.0 = Release|x86
		{E1D1A941-90F4-4AF5-8227-FAE4C636BFCB}.Ad-Hoc|ARM.ActiveCfg = Release|ARM
		{E1D1A941-90F4-4AF5-8227-FAE4C636BFCB}.Ad-Hoc|ARM.Build.0 = Release|ARM
		{E1D1A941-90F4-4AF5-8227-FAE4C636BFCB}.Ad-Hoc|ARM.Deploy.0 = Release|ARM
		{E1D1A941-90F4-4AF5-8227-FAE4C636BFCB}.Ad-Hoc|iPhone.ActiveCfg = Release|x86
		{E1D1A941-90F4-4AF5-8227-FAE4C636BFCB}.Ad-Hoc|iPhone.Build.0 = Release|x86
		{E1D1A941-90F4-4AF5-8227-FAE4C636BFCB}.Ad-Hoc|iPhone.Deploy.0 = Release|x86
		{E1D1A941-90F4-4AF5-8227-FAE4C636BFCB}.Ad-Hoc|iPhoneSimulator.ActiveCfg = Release|x86
		{E1D1A941-90F4-4AF5-8227-FAE4C636BFCB}.Ad-Hoc|iPhoneSimulator.Build.0 = Release|x86
		{E1D1A941-90F4-4AF5-8227-FAE4C636BFCB}.Ad-Hoc|iPhoneSimulator.Deploy.0 = Release|x86
		{E1D1A941-90F4-4AF5-8227-FAE4C636BFCB}.Ad-Hoc|x64.ActiveCfg = Release|x64
		{E1D1A941-90F4-4AF5-8227-FAE4C636BFCB}.Ad-Hoc|x64.Build.0 = Release|x64
		{E1D1A941-90F4-4AF5-8227-FAE4C636BFCB}.Ad-Hoc|x64.Deploy.0 = Release|x64
		{E1D1A941-90F4-4AF5-8227-FAE4C636BFCB}.Ad-Hoc|x86.ActiveCfg = Release|x86
		{E1D1A941-90F4-4AF5-8227-FAE4C636BFCB}.Ad-Hoc|x86.Build.0 = Release|x86
		{E1D1A941-90F4-4AF5-8227-FAE4C636BFCB}.Ad-Hoc|x86.Deploy.0 = Release|x86
		{E1D1A941-90F4-4AF5-8227-FAE4C636BFCB}.AppStore|Any CPU.ActiveCfg = Release|x86
		{E1D1A941-90F4-4AF5-8227-FAE4C636BFCB}.AppStore|Any CPU.Build.0 = Release|x86
		{E1D1A941-90F4-4AF5-8227-FAE4C636BFCB}.AppStore|Any CPU.Deploy.0 = Release|x86
		{E1D1A941-90F4-4AF5-8227-FAE4C636BFCB}.AppStore|ARM.ActiveCfg = Release|ARM
		{E1D1A941-90F4-4AF5-8227-FAE4C636BFCB}.AppStore|ARM.Build.0 = Release|ARM
		{E1D1A941-90F4-4AF5-8227-FAE4C636BFCB}.AppStore|ARM.Deploy.0 = Release|ARM
		{E1D1A941-90F4-4AF5-8227-FAE4C636BFCB}.AppStore|iPhone.ActiveCfg = Release|x86
		{E1D1A941-90F4-4AF5-8227-FAE4C636BFCB}.AppStore|iPhone.Build.0 = Release|x86
		{E1D1A941-90F4-4AF5-8227-FAE4C636BFCB}.AppStore|iPhone.Deploy.0 = Release|x86
		{E1D1A941-90F4-4AF5-8227-FAE4C636BFCB}.AppStore|iPhoneSimulator.ActiveCfg = Release|x86
		{E1D1A941-90F4-4AF5-8227-FAE4C636BFCB}.AppStore|iPhoneSimulator.Build.0 = Release|x86
		{E1D1A941-90F4-4AF5-8227-FAE4C636BFCB}.AppStore|iPhoneSimulator.Deploy.0 = Release|x86
		{E1D1A941-90F4-4AF5-8227-FAE4C636BFCB}.AppStore|x64.ActiveCfg = Release|x64
		{E1D1A941-90F4-4AF5-8227-FAE4C636BFCB}.AppStore|x64.Build.0 = Release|x64
		{E1D1A941-90F4-4AF5-8227-FAE4C636BFCB}.AppStore|x64.Deploy.0 = Release|x64
		{E1D1A941-90F4-4AF5-8227-FAE4C636BFCB}.AppStore|x86.ActiveCfg = Release|x86
		{E1D1A941-90F4-4AF5-8227-FAE4C636BFCB}.AppStore|x86.Build.0 = Release|x86
		{E1D1A941-90F4-4AF5-8227-FAE4C636BFCB}.AppStore|x86.Deploy.0 = Release|x86
		{E1D1A941-90F4-4AF5-8227-FAE4C636BFCB}.Debug|Any CPU.ActiveCfg = Debug|x86
		{E1D1A941-90F4-4AF5-8227-FAE4C636BFCB}.Debug|ARM.ActiveCfg = Debug|ARM
		{E1D1A941-90F4-4AF5-8227-FAE4C636BFCB}.Debug|ARM.Build.0 = Debug|ARM
		{E1D1A941-90F4-4AF5-8227-FAE4C636BFCB}.Debug|ARM.Deploy.0 = Debug|ARM
		{E1D1A941-90F4-4AF5-8227-FAE4C636BFCB}.Debug|iPhone.ActiveCfg = Debug|x86
		{E1D1A941-90F4-4AF5-8227-FAE4C636BFCB}.Debug|iPhoneSimulator.ActiveCfg = Debug|x86
		{E1D1A941-90F4-4AF5-8227-FAE4C636BFCB}.Debug|x64.ActiveCfg = Debug|x64
		{E1D1A941-90F4-4AF5-8227-FAE4C636BFCB}.Debug|x64.Build.0 = Debug|x64
		{E1D1A941-90F4-4AF5-8227-FAE4C636BFCB}.Debug|x64.Deploy.0 = Debug|x64
		{E1D1A941-90F4-4AF5-8227-FAE4C636BFCB}.Debug|x86.ActiveCfg = Debug|x86
		{E1D1A941-90F4-4AF5-8227-FAE4C636BFCB}.Debug|x86.Build.0 = Debug|x86
		{E1D1A941-90F4-4AF5-8227-FAE4C636BFCB}.Debug|x86.Deploy.0 = Debug|x86
		{E1D1A941-90F4-4AF5-8227-FAE4C636BFCB}.Release|Any CPU.ActiveCfg = Release|x86
		{E1D1A941-90F4-4AF5-8227-FAE4C636BFCB}.Release|ARM.ActiveCfg = Release|ARM
		{E1D1A941-90F4-4AF5-8227-FAE4C636BFCB}.Release|ARM.Build.0 = Release|ARM
		{E1D1A941-90F4-4AF5-8227-FAE4C636BFCB}.Release|ARM.Deploy.0 = Release|ARM
		{E1D1A941-90F4-4AF5-8227-FAE4C636BFCB}.Release|iPhone.ActiveCfg = Release|x86
		{E1D1A941-90F4-4AF5-8227-FAE4C636BFCB}.Release|iPhoneSimulator.ActiveCfg = Release|x86
		{E1D1A941-90F4-4AF5-8227-FAE4C636BFCB}.Release|x64.ActiveCfg = Release|x64
		{E1D1A941-90F4-4AF5-8227-FAE4C636BFCB}.Release|x64.Build.0 = Release|x64
		{E1D1A941-90F4-4AF5-8227-FAE4C636BFCB}.Release|x64.Deploy.0 = Release|x64
		{E1D1A941-90F4-4AF5-8227-FAE4C636BFCB}.Release|x86.ActiveCfg = Release|x86
		{E1D1A941-90F4-4AF5-8227-FAE4C636BFCB}.Release|x86.Build.0 = Release|x86
		{E1D1A941-90F4-4AF5-8227-FAE4C636BFCB}.Release|x86.Deploy.0 = Release|x86
		{F5DB8E06-AC2C-4423-84B9-AC722DDE5149}.Ad-Hoc|Any CPU.ActiveCfg = Release|Any CPU
		{F5DB8E06-AC2C-4423-84B9-AC722DDE5149}.Ad-Hoc|Any CPU.Build.0 = Release|Any CPU
		{F5DB8E06-AC2C-4423-84B9-AC722DDE5149}.Ad-Hoc|Any CPU.Deploy.0 = Release|Any CPU
		{F5DB8E06-AC2C-4423-84B9-AC722DDE5149}.Ad-Hoc|ARM.ActiveCfg = Release|ARM
		{F5DB8E06-AC2C-4423-84B9-AC722DDE5149}.Ad-Hoc|ARM.Build.0 = Release|ARM
		{F5DB8E06-AC2C-4423-84B9-AC722DDE5149}.Ad-Hoc|ARM.Deploy.0 = Release|ARM
		{F5DB8E06-AC2C-4423-84B9-AC722DDE5149}.Ad-Hoc|iPhone.ActiveCfg = Release|Any CPU
		{F5DB8E06-AC2C-4423-84B9-AC722DDE5149}.Ad-Hoc|iPhone.Build.0 = Release|Any CPU
		{F5DB8E06-AC2C-4423-84B9-AC722DDE5149}.Ad-Hoc|iPhone.Deploy.0 = Release|Any CPU
		{F5DB8E06-AC2C-4423-84B9-AC722DDE5149}.Ad-Hoc|iPhoneSimulator.ActiveCfg = Release|Any CPU
		{F5DB8E06-AC2C-4423-84B9-AC722DDE5149}.Ad-Hoc|iPhoneSimulator.Build.0 = Release|Any CPU
		{F5DB8E06-AC2C-4423-84B9-AC722DDE5149}.Ad-Hoc|iPhoneSimulator.Deploy.0 = Release|Any CPU
		{F5DB8E06-AC2C-4423-84B9-AC722DDE5149}.Ad-Hoc|x64.ActiveCfg = Release|x64
		{F5DB8E06-AC2C-4423-84B9-AC722DDE5149}.Ad-Hoc|x64.Build.0 = Release|x64
		{F5DB8E06-AC2C-4423-84B9-AC722DDE5149}.Ad-Hoc|x64.Deploy.0 = Release|x64
		{F5DB8E06-AC2C-4423-84B9-AC722DDE5149}.Ad-Hoc|x86.ActiveCfg = Release|x86
		{F5DB8E06-AC2C-4423-84B9-AC722DDE5149}.Ad-Hoc|x86.Build.0 = Release|x86
		{F5DB8E06-AC2C-4423-84B9-AC722DDE5149}.Ad-Hoc|x86.Deploy.0 = Release|x86
		{F5DB8E06-AC2C-4423-84B9-AC722DDE5149}.AppStore|Any CPU.ActiveCfg = Release|Any CPU
		{F5DB8E06-AC2C-4423-84B9-AC722DDE5149}.AppStore|Any CPU.Build.0 = Release|Any CPU
		{F5DB8E06-AC2C-4423-84B9-AC722DDE5149}.AppStore|Any CPU.Deploy.0 = Release|Any CPU
		{F5DB8E06-AC2C-4423-84B9-AC722DDE5149}.AppStore|ARM.ActiveCfg = Release|ARM
		{F5DB8E06-AC2C-4423-84B9-AC722DDE5149}.AppStore|ARM.Build.0 = Release|ARM
		{F5DB8E06-AC2C-4423-84B9-AC722DDE5149}.AppStore|ARM.Deploy.0 = Release|ARM
		{F5DB8E06-AC2C-4423-84B9-AC722DDE5149}.AppStore|iPhone.ActiveCfg = Release|Any CPU
		{F5DB8E06-AC2C-4423-84B9-AC722DDE5149}.AppStore|iPhone.Build.0 = Release|Any CPU
		{F5DB8E06-AC2C-4423-84B9-AC722DDE5149}.AppStore|iPhone.Deploy.0 = Release|Any CPU
		{F5DB8E06-AC2C-4423-84B9-AC722DDE5149}.AppStore|iPhoneSimulator.ActiveCfg = Release|Any CPU
		{F5DB8E06-AC2C-4423-84B9-AC722DDE5149}.AppStore|iPhoneSimulator.Build.0 = Release|Any CPU
		{F5DB8E06-AC2C-4423-84B9-AC722DDE5149}.AppStore|iPhoneSimulator.Deploy.0 = Release|Any CPU
		{F5DB8E06-AC2C-4423-84B9-AC722DDE5149}.AppStore|x64.ActiveCfg = Release|x64
		{F5DB8E06-AC2C-4423-84B9-AC722DDE5149}.AppStore|x64.Build.0 = Release|x64
		{F5DB8E06-AC2C-4423-84B9-AC722DDE5149}.AppStore|x64.Deploy.0 = Release|x64
		{F5DB8E06-AC2C-4423-84B9-AC722DDE5149}.AppStore|x86.ActiveCfg = Release|x86
		{F5DB8E06-AC2C-4423-84B9-AC722DDE5149}.AppStore|x86.Build.0 = Release|x86
		{F5DB8E06-AC2C-4423-84B9-AC722DDE5149}.AppStore|x86.Deploy.0 = Release|x86
		{F5DB8E06-AC2C-4423-84B9-AC722DDE5149}.Debug|Any CPU.ActiveCfg = Debug|Any CPU
		{F5DB8E06-AC2C-4423-84B9-AC722DDE5149}.Debug|Any CPU.Build.0 = Debug|Any CPU
		{F5DB8E06-AC2C-4423-84B9-AC722DDE5149}.Debug|Any CPU.Deploy.0 = Debug|Any CPU
		{F5DB8E06-AC2C-4423-84B9-AC722DDE5149}.Debug|ARM.ActiveCfg = Debug|ARM
		{F5DB8E06-AC2C-4423-84B9-AC722DDE5149}.Debug|ARM.Build.0 = Debug|ARM
		{F5DB8E06-AC2C-4423-84B9-AC722DDE5149}.Debug|ARM.Deploy.0 = Debug|ARM
		{F5DB8E06-AC2C-4423-84B9-AC722DDE5149}.Debug|iPhone.ActiveCfg = Debug|Any CPU
		{F5DB8E06-AC2C-4423-84B9-AC722DDE5149}.Debug|iPhone.Build.0 = Debug|Any CPU
		{F5DB8E06-AC2C-4423-84B9-AC722DDE5149}.Debug|iPhone.Deploy.0 = Debug|Any CPU
		{F5DB8E06-AC2C-4423-84B9-AC722DDE5149}.Debug|iPhoneSimulator.ActiveCfg = Debug|Any CPU
		{F5DB8E06-AC2C-4423-84B9-AC722DDE5149}.Debug|iPhoneSimulator.Build.0 = Debug|Any CPU
		{F5DB8E06-AC2C-4423-84B9-AC722DDE5149}.Debug|iPhoneSimulator.Deploy.0 = Debug|Any CPU
		{F5DB8E06-AC2C-4423-84B9-AC722DDE5149}.Debug|x64.ActiveCfg = Debug|x64
		{F5DB8E06-AC2C-4423-84B9-AC722DDE5149}.Debug|x64.Build.0 = Debug|x64
		{F5DB8E06-AC2C-4423-84B9-AC722DDE5149}.Debug|x64.Deploy.0 = Debug|x64
		{F5DB8E06-AC2C-4423-84B9-AC722DDE5149}.Debug|x86.ActiveCfg = Debug|x86
		{F5DB8E06-AC2C-4423-84B9-AC722DDE5149}.Debug|x86.Build.0 = Debug|x86
		{F5DB8E06-AC2C-4423-84B9-AC722DDE5149}.Debug|x86.Deploy.0 = Debug|x86
		{F5DB8E06-AC2C-4423-84B9-AC722DDE5149}.Release|Any CPU.ActiveCfg = Release|Any CPU
		{F5DB8E06-AC2C-4423-84B9-AC722DDE5149}.Release|Any CPU.Build.0 = Release|Any CPU
		{F5DB8E06-AC2C-4423-84B9-AC722DDE5149}.Release|Any CPU.Deploy.0 = Release|Any CPU
		{F5DB8E06-AC2C-4423-84B9-AC722DDE5149}.Release|ARM.ActiveCfg = Release|ARM
		{F5DB8E06-AC2C-4423-84B9-AC722DDE5149}.Release|ARM.Build.0 = Release|ARM
		{F5DB8E06-AC2C-4423-84B9-AC722DDE5149}.Release|ARM.Deploy.0 = Release|ARM
		{F5DB8E06-AC2C-4423-84B9-AC722DDE5149}.Release|iPhone.ActiveCfg = Release|Any CPU
		{F5DB8E06-AC2C-4423-84B9-AC722DDE5149}.Release|iPhone.Build.0 = Release|Any CPU
		{F5DB8E06-AC2C-4423-84B9-AC722DDE5149}.Release|iPhone.Deploy.0 = Release|Any CPU
		{F5DB8E06-AC2C-4423-84B9-AC722DDE5149}.Release|iPhoneSimulator.ActiveCfg = Release|Any CPU
		{F5DB8E06-AC2C-4423-84B9-AC722DDE5149}.Release|iPhoneSimulator.Build.0 = Release|Any CPU
		{F5DB8E06-AC2C-4423-84B9-AC722DDE5149}.Release|iPhoneSimulator.Deploy.0 = Release|Any CPU
		{F5DB8E06-AC2C-4423-84B9-AC722DDE5149}.Release|x64.ActiveCfg = Release|x64
		{F5DB8E06-AC2C-4423-84B9-AC722DDE5149}.Release|x64.Build.0 = Release|x64
		{F5DB8E06-AC2C-4423-84B9-AC722DDE5149}.Release|x64.Deploy.0 = Release|x64
		{F5DB8E06-AC2C-4423-84B9-AC722DDE5149}.Release|x86.ActiveCfg = Release|x86
		{F5DB8E06-AC2C-4423-84B9-AC722DDE5149}.Release|x86.Build.0 = Release|x86
		{F5DB8E06-AC2C-4423-84B9-AC722DDE5149}.Release|x86.Deploy.0 = Release|x86
	EndGlobalSection
	GlobalSection(SolutionProperties) = preSolution
		HideSolutionNode = FALSE
	EndGlobalSection
EndGlobal
